
Microsoft Visual Studio Solution File, Format Version 11.00
# Visual Studio 2010
Project("{8BC9CEB8-8B4A-11D0-8D11-00A0C91BC942}") = "指针详解_9_23_01", "指针详解_9_23_01\指针详解_9_23_01.vcxproj", "{A851D603-4026-49DC-A930-481747DA08E7}"
EndProject
Global
	GlobalSection(SolutionConfigurationPlatforms) = preSolution
		Debug|Win32 = Debug|Win32
		Release|Win32 = Release|Win32
	EndGlobalSection
	GlobalSection(ProjectConfigurationPlatforms) = postSolution
		{A851D603-4026-49DC-A930-481747DA08E7}.Debug|Win32.ActiveCfg = Debug|Win32
		{A851D603-4026-49DC-A930-481747DA08E7}.Debug|Win32.Build.0 = Debug|Win32
		{A851D603-4026-49DC-A930-481747DA08E7}.Release|Win32.ActiveCfg = Release|Win32
		{A851D603-4026-49DC-A930-481747DA08E7}.Release|Win32.Build.0 = Release|Win32
	EndGlobalSection
	GlobalSection(SolutionProperties) = preSolution
		HideSolutionNode = FALSE
	EndGlobalSection
EndGlobal
