
Microsoft Visual Studio Solution File, Format Version 11.00
# Visual Studio 2010
Project("{8BC9CEB8-8B4A-11D0-8D11-00A0C91BC942}") = "数据储存_9_21_02", "数据储存_9_21_02\数据储存_9_21_02.vcxproj", "{CC60BF48-77AE-4E34-9F4B-3511B5A25CAA}"
EndProject
Global
	GlobalSection(SolutionConfigurationPlatforms) = preSolution
		Debug|Win32 = Debug|Win32
		Release|Win32 = Release|Win32
	EndGlobalSection
	GlobalSection(ProjectConfigurationPlatforms) = postSolution
		{CC60BF48-77AE-4E34-9F4B-3511B5A25CAA}.Debug|Win32.ActiveCfg = Debug|Win32
		{CC60BF48-77AE-4E34-9F4B-3511B5A25CAA}.Debug|Win32.Build.0 = Debug|Win32
		{CC60BF48-77AE-4E34-9F4B-3511B5A25CAA}.Release|Win32.ActiveCfg = Release|Win32
		{CC60BF48-77AE-4E34-9F4B-3511B5A25CAA}.Release|Win32.Build.0 = Release|Win32
	EndGlobalSection
	GlobalSection(SolutionProperties) = preSolution
		HideSolutionNode = FALSE
	EndGlobalSection
EndGlobal
